
Microsoft Visual Studio Solution File, Format Version 12.00
# Visual Studio 14
VisualStudioVersion = 14.0.23107.0
MinimumVisualStudioVersion = 10.0.40219.1
Project("{8BC9CEB8-8B4A-11D0-8D11-00A0C91BC942}") = "HookWindowsDemo", "HookWindowsDemo\HookWindowsDemo.vcxproj", "{E190D044-8BD1-443C-9230-D80F13CF91F1}"
EndProject
Project("{8BC9CEB8-8B4A-11D0-8D11-00A0C91BC942}") = "HookDllDemo", "HookDllDemo\HookDllDemo.vcxproj", "{0A03601E-F939-4CFC-8671-801C30055AFD}"
EndProject
Global
	GlobalSection(SolutionConfigurationPlatforms) = preSolution
		Debug|x64 = Debug|x64
		Debug|x86 = Debug|x86
		Release|x64 = Release|x64
		Release|x86 = Release|x86
	EndGlobalSection
	GlobalSection(ProjectConfigurationPlatforms) = postSolution
		{E190D044-8BD1-443C-9230-D80F13CF91F1}.Debug|x64.ActiveCfg = Debug|x64
		{E190D044-8BD1-443C-9230-D80F13CF91F1}.Debug|x64.Build.0 = Debug|x64
		{E190D044-8BD1-443C-9230-D80F13CF91F1}.Debug|x86.ActiveCfg = Debug|Win32
		{E190D044-8BD1-443C-9230-D80F13CF91F1}.Debug|x86.Build.0 = Debug|Win32
		{E190D044-8BD1-443C-9230-D80F13CF91F1}.Release|x64.ActiveCfg = Release|x64
		{E190D044-8BD1-443C-9230-D80F13CF91F1}.Release|x64.Build.0 = Release|x64
		{E190D044-8BD1-443C-9230-D80F13CF91F1}.Release|x86.ActiveCfg = Release|Win32
		{E190D044-8BD1-443C-9230-D80F13CF91F1}.Release|x86.Build.0 = Release|Win32
		{0A03601E-F939-4CFC-8671-801C30055AFD}.Debug|x64.ActiveCfg = Debug|x64
		{0A03601E-F939-4CFC-8671-801C30055AFD}.Debug|x64.Build.0 = Debug|x64
		{0A03601E-F939-4CFC-8671-801C30055AFD}.Debug|x86.ActiveCfg = Debug|Win32
		{0A03601E-F939-4CFC-8671-801C30055AFD}.Debug|x86.Build.0 = Debug|Win32
		{0A03601E-F939-4CFC-8671-801C30055AFD}.Release|x64.ActiveCfg = Release|x64
		{0A03601E-F939-4CFC-8671-801C30055AFD}.Release|x64.Build.0 = Release|x64
		{0A03601E-F939-4CFC-8671-801C30055AFD}.Release|x86.ActiveCfg = Release|Win32
		{0A03601E-F939-4CFC-8671-801C30055AFD}.Release|x86.Build.0 = Release|Win32
	EndGlobalSection
	GlobalSection(SolutionProperties) = preSolution
		HideSolutionNode = FALSE
	EndGlobalSection
EndGlobal
