
Microsoft Visual Studio Solution File, Format Version 12.00
# Visual Studio 2015
Project("{FAE04EC0-301F-11D3-BF4B-00C04F79EFBC}") = "YGame.CSharp", "YGame.CSharp.csproj", "{94472CB5-251F-3D4C-6DDD-E4CA69A3158A}"
EndProject
Project("{FAE04EC0-301F-11D3-BF4B-00C04F79EFBC}") = "YGame.CSharp.Editor", "YGame.CSharp.Editor.csproj", "{9AAF29E7-1491-2607-1292-EF37EC963B77}"
EndProject
Global
	GlobalSection(SolutionConfigurationPlatforms) = preSolution
		Debug|Any CPU = Debug|Any CPU
		Release|Any CPU = Release|Any CPU
	EndGlobalSection
	GlobalSection(ProjectConfigurationPlatforms) = postSolution
		{94472CB5-251F-3D4C-6DDD-E4CA69A3158A}.Debug|Any CPU.ActiveCfg = Debug|Any CPU
		{94472CB5-251F-3D4C-6DDD-E4CA69A3158A}.Debug|Any CPU.Build.0 = Debug|Any CPU
		{94472CB5-251F-3D4C-6DDD-E4CA69A3158A}.Release|Any CPU.ActiveCfg = Release|Any CPU
		{94472CB5-251F-3D4C-6DDD-E4CA69A3158A}.Release|Any CPU.Build.0 = Release|Any CPU
		{9AAF29E7-1491-2607-1292-EF37EC963B77}.Debug|Any CPU.ActiveCfg = Debug|Any CPU
		{9AAF29E7-1491-2607-1292-EF37EC963B77}.Debug|Any CPU.Build.0 = Debug|Any CPU
		{9AAF29E7-1491-2607-1292-EF37EC963B77}.Release|Any CPU.ActiveCfg = Release|Any CPU
		{9AAF29E7-1491-2607-1292-EF37EC963B77}.Release|Any CPU.Build.0 = Release|Any CPU
	EndGlobalSection
	GlobalSection(SolutionProperties) = preSolution
		HideSolutionNode = FALSE
	EndGlobalSection
EndGlobal
